
Microsoft Visual Studio Solution File, Format Version 12.00
# Visual Studio Version 17
VisualStudioVersion = 17.14.36401.2 d17.14
MinimumVisualStudioVersion = 10.0.40219.1
Project("{8BC9CEB8-8B4A-11D0-8D11-00A0C91BC942}") = "Project5", "Project5.vcxproj", "{ED44E97B-4DEF-45F3-A451-C8067CDFE91E}"
EndProject
Global
	GlobalSection(SolutionConfigurationPlatforms) = preSolution
		Debug|x64 = Debug|x64
		Debug|x86 = Debug|x86
		Release|x64 = Release|x64
		Release|x86 = Release|x86
	EndGlobalSection
	GlobalSection(ProjectConfigurationPlatforms) = postSolution
		{ED44E97B-4DEF-45F3-A451-C8067CDFE91E}.Debug|x64.ActiveCfg = Debug|x64
		{ED44E97B-4DEF-45F3-A451-C8067CDFE91E}.Debug|x64.Build.0 = Debug|x64
		{ED44E97B-4DEF-45F3-A451-C8067CDFE91E}.Debug|x86.ActiveCfg = Debug|Win32
		{ED44E97B-4DEF-45F3-A451-C8067CDFE91E}.Debug|x86.Build.0 = Debug|Win32
		{ED44E97B-4DEF-45F3-A451-C8067CDFE91E}.Release|x64.ActiveCfg = Release|x64
		{ED44E97B-4DEF-45F3-A451-C8067CDFE91E}.Release|x64.Build.0 = Release|x64
		{ED44E97B-4DEF-45F3-A451-C8067CDFE91E}.Release|x86.ActiveCfg = Release|Win32
		{ED44E97B-4DEF-45F3-A451-C8067CDFE91E}.Release|x86.Build.0 = Release|Win32
	EndGlobalSection
	GlobalSection(SolutionProperties) = preSolution
		HideSolutionNode = FALSE
	EndGlobalSection
	GlobalSection(ExtensibilityGlobals) = postSolution
		SolutionGuid = {62E9EE26-6311-43AD-A1C6-1B603811B66E}
	EndGlobalSection
EndGlobal
